<?xml version="1.0" encoding="utf-8"?>
<Project ToolsVersion="4.0" xmlns="http://schemas.microsoft.com/developer/msbuild/2003">
  <ItemGroup>
    <Filter Include="소스 파일">
      <UniqueIdentifier>{4FC737F1-C7A5-4376-A066-2A32D752A2FF}</UniqueIdentifier>
      <Extensions>cpp;c;cc;cxx;def;odl;idl;hpj;bat;asm;asmx</Extensions>
    </Filter>
    <Filter Include="헤더 파일">
      <UniqueIdentifier>{93995380-89BD-4b04-88EB-625FBE52EBFB}</UniqueIdentifier>
      <Extensions>h;hh;hpp;hxx;hm;inl;inc;ipp;xsd</Extensions>
    </Filter>
    <Filter Include="리소스 파일">
      <UniqueIdentifier>{67DA6AB6-F800-4c08-8B7A-83BB121AAD01}</UniqueIdentifier>
      <Extensions>rc;ico;cur;bmp;dlg;rc2;rct;bin;rgs;gif;jpg;jpeg;jpe;resx;tiff;tif;png;wav;mfcribbon-ms</Extensions>
    </Filter>
  </ItemGroup>
  <ItemGroup>
    <ClCompile Include="a.cpp">
      <Filter>소스 파일</Filter>
    </ClCompile>
    <ClCompile Include="11400.cpp">
      <Filter>소스 파일</Filter>
    </ClCompile>
    <ClCompile Include="11280.cpp">
      <Filter>소스 파일</Filter>
    </ClCompile>
    <ClCompile Include="kosaraju%27s algorithm.cpp">
      <Filter>소스 파일</Filter>
    </ClCompile>
    <ClCompile Include="tarjan%27s algorithm.cpp">
      <Filter>소스 파일</Filter>
    </ClCompile>
    <ClCompile Include="4196.cpp">
      <Filter>소스 파일</Filter>
    </ClCompile>
    <ClCompile Include="2261.cpp">
      <Filter>소스 파일</Filter>
    </ClCompile>
    <ClCompile Include="1533.cpp">
      <Filter>소스 파일</Filter>
    </ClCompile>
    <ClCompile Include="1644.cpp">
      <Filter>소스 파일</Filter>
    </ClCompile>
    <ClCompile Include="16566.cpp">
      <Filter>소스 파일</Filter>
    </ClCompile>
    <ClCompile Include="10217.cpp">
      <Filter>소스 파일</Filter>
    </ClCompile>
    <ClCompile Include="1450.cpp">
      <Filter>소스 파일</Filter>
    </ClCompile>
    <ClCompile Include="2533.cpp">
      <Filter>소스 파일</Filter>
    </ClCompile>
    <ClCompile Include="2213.cpp">
      <Filter>소스 파일</Filter>
    </ClCompile>
    <ClCompile Include="2254.cpp">
      <Filter>소스 파일</Filter>
    </ClCompile>
    <ClCompile Include="14440.cpp">
      <Filter>소스 파일</Filter>
    </ClCompile>
    <ClCompile Include="2098.cpp">
      <Filter>소스 파일</Filter>
    </ClCompile>
    <ClCompile Include="16975.cpp">
      <Filter>소스 파일</Filter>
    </ClCompile>
    <ClCompile Include="14245.cpp">
      <Filter>소스 파일</Filter>
    </ClCompile>
    <ClCompile Include="10999.cpp">
      <Filter>소스 파일</Filter>
    </ClCompile>
    <ClCompile Include="12844.cpp">
      <Filter>소스 파일</Filter>
    </ClCompile>
    <ClCompile Include="1275.cpp">
      <Filter>소스 파일</Filter>
    </ClCompile>
    <ClCompile Include="13430.cpp">
      <Filter>소스 파일</Filter>
    </ClCompile>
    <ClCompile Include="16724.cpp">
      <Filter>소스 파일</Filter>
    </ClCompile>
    <ClCompile Include="13334.cpp">
      <Filter>소스 파일</Filter>
    </ClCompile>
    <ClCompile Include="17408.cpp">
      <Filter>소스 파일</Filter>
    </ClCompile>
    <ClCompile Include="15967.cpp">
      <Filter>소스 파일</Filter>
    </ClCompile>
    <ClCompile Include="1484.cpp">
      <Filter>소스 파일</Filter>
    </ClCompile>
    <ClCompile Include="9345.cpp">
      <Filter>소스 파일</Filter>
    </ClCompile>
    <ClCompile Include="5670.cpp">
      <Filter>소스 파일</Filter>
    </ClCompile>
    <ClCompile Include="11097.cpp">
      <Filter>소스 파일</Filter>
    </ClCompile>
    <ClCompile Include="5052.cpp">
      <Filter>소스 파일</Filter>
    </ClCompile>
    <ClCompile Include="2099.cpp">
      <Filter>소스 파일</Filter>
    </ClCompile>
    <ClCompile Include="2401.cpp">
      <Filter>소스 파일</Filter>
    </ClCompile>
    <ClCompile Include="17353.cpp">
      <Filter>소스 파일</Filter>
    </ClCompile>
    <ClCompile Include="1208.cpp">
      <Filter>소스 파일</Filter>
    </ClCompile>
    <ClCompile Include="1509.cpp">
      <Filter>소스 파일</Filter>
    </ClCompile>
    <ClCompile Include="2268.cpp">
      <Filter>소스 파일</Filter>
    </ClCompile>
    <ClCompile Include="12850.cpp">
      <Filter>소스 파일</Filter>
    </ClCompile>
    <ClCompile Include="1019.cpp">
      <Filter>소스 파일</Filter>
    </ClCompile>
    <ClCompile Include="1044_미완.cpp">
      <Filter>소스 파일</Filter>
    </ClCompile>
    <ClCompile Include="1280.cpp">
      <Filter>소스 파일</Filter>
    </ClCompile>
    <ClCompile Include="11585.cpp">
      <Filter>소스 파일</Filter>
    </ClCompile>
    <ClCompile Include="14289.cpp">
      <Filter>소스 파일</Filter>
    </ClCompile>
    <ClCompile Include="10000.cpp">
      <Filter>소스 파일</Filter>
    </ClCompile>
    <ClCompile Include="9373.cpp">
      <Filter>소스 파일</Filter>
    </ClCompile>
    <ClCompile Include="10329_.미완.cpp">
      <Filter>소스 파일</Filter>
    </ClCompile>
    <ClCompile Include="3977.cpp">
      <Filter>소스 파일</Filter>
    </ClCompile>
    <ClCompile Include="3648_미완.cpp">
      <Filter>소스 파일</Filter>
    </ClCompile>
    <ClCompile Include="9341.cpp">
      <Filter>소스 파일</Filter>
    </ClCompile>
    <ClCompile Include="2230.cpp">
      <Filter>소스 파일</Filter>
    </ClCompile>
    <ClCompile Include="2458.cpp">
      <Filter>소스 파일</Filter>
    </ClCompile>
    <ClCompile Include="7575.cpp">
      <Filter>소스 파일</Filter>
    </ClCompile>
    <ClCompile Include="3653.cpp">
      <Filter>소스 파일</Filter>
    </ClCompile>
    <ClCompile Include="3015.cpp">
      <Filter>소스 파일</Filter>
    </ClCompile>
    <ClCompile Include="17398.cpp">
      <Filter>소스 파일</Filter>
    </ClCompile>
    <ClCompile Include="1456.cpp">
      <Filter>소스 파일</Filter>
    </ClCompile>
    <ClCompile Include="6264_미완.cpp">
      <Filter>소스 파일</Filter>
    </ClCompile>
    <ClCompile Include="4343.cpp">
      <Filter>소스 파일</Filter>
    </ClCompile>
    <ClCompile Include="13168.cpp">
      <Filter>소스 파일</Filter>
    </ClCompile>
    <ClCompile Include="17272.cpp">
      <Filter>소스 파일</Filter>
    </ClCompile>
    <ClCompile Include="1162.cpp">
      <Filter>소스 파일</Filter>
    </ClCompile>
    <ClCompile Include="1517.cpp">
      <Filter>소스 파일</Filter>
    </ClCompile>
    <ClCompile Include="20190.cpp">
      <Filter>소스 파일</Filter>
    </ClCompile>
    <ClCompile Include="11281_2.cpp">
      <Filter>소스 파일</Filter>
    </ClCompile>
    <ClCompile Include="16367.cpp">
      <Filter>소스 파일</Filter>
    </ClCompile>
    <ClCompile Include="2207.cpp">
      <Filter>소스 파일</Filter>
    </ClCompile>
    <ClCompile Include="14425.cpp">
      <Filter>소스 파일</Filter>
    </ClCompile>
    <ClCompile Include="3665.cpp">
      <Filter>소스 파일</Filter>
    </ClCompile>
    <ClCompile Include="2904.cpp">
      <Filter>소스 파일</Filter>
    </ClCompile>
    <ClCompile Include="10534.cpp">
      <Filter>소스 파일</Filter>
    </ClCompile>
    <ClCompile Include="1738.cpp">
      <Filter>소스 파일</Filter>
    </ClCompile>
    <ClCompile Include="2529.cpp">
      <Filter>소스 파일</Filter>
    </ClCompile>
    <ClCompile Include="10254.cpp">
      <Filter>소스 파일</Filter>
    </ClCompile>
    <ClCompile Include="10254_내적.cpp">
      <Filter>소스 파일</Filter>
    </ClCompile>
    <ClCompile Include="8927.cpp">
      <Filter>소스 파일</Filter>
    </ClCompile>
    <ClCompile Include="14725.cpp">
      <Filter>소스 파일</Filter>
    </ClCompile>
    <ClCompile Include="13977.cpp">
      <Filter>소스 파일</Filter>
    </ClCompile>
    <ClCompile Include="1086.cpp">
      <Filter>소스 파일</Filter>
    </ClCompile>
    <ClCompile Include="2038.cpp">
      <Filter>소스 파일</Filter>
    </ClCompile>
    <ClCompile Include="2336.cpp">
      <Filter>소스 파일</Filter>
    </ClCompile>
    <ClCompile Include="소스.cpp">
      <Filter>소스 파일</Filter>
    </ClCompile>
    <ClCompile Include="9240.cpp">
      <Filter>소스 파일</Filter>
    </ClCompile>
    <ClCompile Include="12899.cpp">
      <Filter>소스 파일</Filter>
    </ClCompile>
    <ClCompile Include="11266_미완.cpp">
      <Filter>소스 파일</Filter>
    </ClCompile>
  </ItemGroup>
</Project>