<?xml version="1.0" encoding="utf-8"?>
<Project ToolsVersion="4.0" xmlns="http://schemas.microsoft.com/developer/msbuild/2003">
  <ItemGroup>
    <Filter Include="소스 파일">
      <UniqueIdentifier>{4FC737F1-C7A5-4376-A066-2A32D752A2FF}</UniqueIdentifier>
      <Extensions>cpp;c;cc;cxx;def;odl;idl;hpj;bat;asm;asmx</Extensions>
    </Filter>
    <Filter Include="헤더 파일">
      <UniqueIdentifier>{93995380-89BD-4b04-88EB-625FBE52EBFB}</UniqueIdentifier>
      <Extensions>h;hh;hpp;hxx;hm;inl;inc;ipp;xsd</Extensions>
    </Filter>
    <Filter Include="리소스 파일">
      <UniqueIdentifier>{67DA6AB6-F800-4c08-8B7A-83BB121AAD01}</UniqueIdentifier>
      <Extensions>rc;ico;cur;bmp;dlg;rc2;rct;bin;rgs;gif;jpg;jpeg;jpe;resx;tiff;tif;png;wav;mfcribbon-ms</Extensions>
    </Filter>
  </ItemGroup>
  <ItemGroup>
    <ClCompile Include="ford_fullkerson.cpp">
      <Filter>소스 파일</Filter>
    </ClCompile>
    <ClCompile Include="Edmonds-Karp.cpp">
      <Filter>소스 파일</Filter>
    </ClCompile>
    <ClCompile Include="17412_E.cpp">
      <Filter>소스 파일</Filter>
    </ClCompile>
    <ClCompile Include="17412_F.cpp">
      <Filter>소스 파일</Filter>
    </ClCompile>
    <ClCompile Include="2316_E.cpp">
      <Filter>소스 파일</Filter>
    </ClCompile>
    <ClCompile Include="15824.cpp">
      <Filter>소스 파일</Filter>
    </ClCompile>
    <ClCompile Include="2243.cpp">
      <Filter>소스 파일</Filter>
    </ClCompile>
    <ClCompile Include="6086_Ford.cpp">
      <Filter>소스 파일</Filter>
    </ClCompile>
    <ClCompile Include="2316_Ford.cpp">
      <Filter>소스 파일</Filter>
    </ClCompile>
    <ClCompile Include="1960.cpp">
      <Filter>소스 파일</Filter>
    </ClCompile>
    <ClCompile Include="2365_미완.cpp">
      <Filter>소스 파일</Filter>
    </ClCompile>
    <ClCompile Include="3679.cpp">
      <Filter>소스 파일</Filter>
    </ClCompile>
    <ClCompile Include="16978_미완.cpp">
      <Filter>소스 파일</Filter>
    </ClCompile>
    <ClCompile Include="15422.cpp">
      <Filter>소스 파일</Filter>
    </ClCompile>
    <ClCompile Include="13430.cpp">
      <Filter>소스 파일</Filter>
    </ClCompile>
    <ClCompile Include="1420_미완.cpp">
      <Filter>소스 파일</Filter>
    </ClCompile>
    <ClCompile Include="6543.cpp">
      <Filter>소스 파일</Filter>
    </ClCompile>
    <ClCompile Include="14517.cpp">
      <Filter>소스 파일</Filter>
    </ClCompile>
    <ClCompile Include="11097.cpp">
      <Filter>소스 파일</Filter>
    </ClCompile>
    <ClCompile Include="18251.cpp">
      <Filter>소스 파일</Filter>
    </ClCompile>
    <ClCompile Include="1699.cpp">
      <Filter>소스 파일</Filter>
    </ClCompile>
    <ClCompile Include="11052.cpp">
      <Filter>소스 파일</Filter>
    </ClCompile>
    <ClCompile Include="11057.cpp">
      <Filter>소스 파일</Filter>
    </ClCompile>
    <ClCompile Include="2673.cpp">
      <Filter>소스 파일</Filter>
    </ClCompile>
    <ClCompile Include="11051.cpp">
      <Filter>소스 파일</Filter>
    </ClCompile>
    <ClCompile Include="12865.cpp">
      <Filter>소스 파일</Filter>
    </ClCompile>
    <ClCompile Include="16500.cpp">
      <Filter>소스 파일</Filter>
    </ClCompile>
    <ClCompile Include="14572.cpp">
      <Filter>소스 파일</Filter>
    </ClCompile>
    <ClCompile Include="2367.cpp">
      <Filter>소스 파일</Filter>
    </ClCompile>
    <ClCompile Include="10266.cpp">
      <Filter>소스 파일</Filter>
    </ClCompile>
    <ClCompile Include="11055.cpp">
      <Filter>소스 파일</Filter>
    </ClCompile>
    <ClCompile Include="2533.cpp">
      <Filter>소스 파일</Filter>
    </ClCompile>
    <ClCompile Include="2248.cpp">
      <Filter>소스 파일</Filter>
    </ClCompile>
    <ClCompile Include="16978.cpp">
      <Filter>소스 파일</Filter>
    </ClCompile>
    <ClCompile Include="9252.cpp">
      <Filter>소스 파일</Filter>
    </ClCompile>
    <ClCompile Include="1256.cpp">
      <Filter>소스 파일</Filter>
    </ClCompile>
    <ClCompile Include="13392.cpp">
      <Filter>소스 파일</Filter>
    </ClCompile>
    <ClCompile Include="1671.cpp">
      <Filter>소스 파일</Filter>
    </ClCompile>
    <ClCompile Include="2494.cpp">
      <Filter>소스 파일</Filter>
    </ClCompile>
    <ClCompile Include="17428_미완.cpp">
      <Filter>소스 파일</Filter>
    </ClCompile>
    <ClCompile Include="3687.cpp">
      <Filter>소스 파일</Filter>
    </ClCompile>
    <ClCompile Include="소스.cpp">
      <Filter>소스 파일</Filter>
    </ClCompile>
    <ClCompile Include="1017.cpp">
      <Filter>소스 파일</Filter>
    </ClCompile>
    <ClCompile Include="2401.cpp">
      <Filter>소스 파일</Filter>
    </ClCompile>
    <ClCompile Include="1533.cpp">
      <Filter>소스 파일</Filter>
    </ClCompile>
    <ClCompile Include="17428.cpp">
      <Filter>소스 파일</Filter>
    </ClCompile>
    <ClCompile Include="1023.cpp">
      <Filter>소스 파일</Filter>
    </ClCompile>
    <ClCompile Include="소스1.cpp">
      <Filter>소스 파일</Filter>
    </ClCompile>
    <ClCompile Include="11408.cpp">
      <Filter>소스 파일</Filter>
    </ClCompile>
    <ClCompile Include="11405.cpp">
      <Filter>소스 파일</Filter>
    </ClCompile>
    <ClCompile Include="소스2.cpp">
      <Filter>소스 파일</Filter>
    </ClCompile>
    <ClCompile Include="2040.cpp">
      <Filter>소스 파일</Filter>
    </ClCompile>
    <ClCompile Include="1570.cpp">
      <Filter>소스 파일</Filter>
    </ClCompile>
    <ClCompile Include="25341.cpp">
      <Filter>소스 파일</Filter>
    </ClCompile>
    <ClCompile Include="2361.cpp">
      <Filter>소스 파일</Filter>
    </ClCompile>
    <ClCompile Include="17504.cpp">
      <Filter>소스 파일</Filter>
    </ClCompile>
    <ClCompile Include="1899.cpp">
      <Filter>소스 파일</Filter>
    </ClCompile>
    <ClCompile Include="1888.cpp">
      <Filter>소스 파일</Filter>
    </ClCompile>
    <ClCompile Include="1729.cpp">
      <Filter>소스 파일</Filter>
    </ClCompile>
    <ClCompile Include="1278.cpp">
      <Filter>소스 파일</Filter>
    </ClCompile>
    <ClCompile Include="12435.cpp">
      <Filter>소스 파일</Filter>
    </ClCompile>
    <ClCompile Include="10176.cpp">
      <Filter>소스 파일</Filter>
    </ClCompile>
    <ClCompile Include="소스3.cpp">
      <Filter>소스 파일</Filter>
    </ClCompile>
    <ClCompile Include="1825.cpp">
      <Filter>소스 파일</Filter>
    </ClCompile>
    <ClCompile Include="1885.cpp">
      <Filter>소스 파일</Filter>
    </ClCompile>
    <ClCompile Include="12435_2.cpp">
      <Filter>소스 파일</Filter>
    </ClCompile>
    <ClCompile Include="1889.cpp">
      <Filter>소스 파일</Filter>
    </ClCompile>
    <ClCompile Include="1369.cpp">
      <Filter>소스 파일</Filter>
    </ClCompile>
    <ClCompile Include="소스4.cpp">
      <Filter>소스 파일</Filter>
    </ClCompile>
    <ClCompile Include="level4_a.cpp">
      <Filter>소스 파일</Filter>
    </ClCompile>
  </ItemGroup>
</Project>