<?xml version="1.0" encoding="utf-8"?>
<Project ToolsVersion="4.0" xmlns="http://schemas.microsoft.com/developer/msbuild/2003">
  <ItemGroup>
    <Filter Include="소스 파일">
      <UniqueIdentifier>{4FC737F1-C7A5-4376-A066-2A32D752A2FF}</UniqueIdentifier>
      <Extensions>cpp;c;cc;cxx;def;odl;idl;hpj;bat;asm;asmx</Extensions>
    </Filter>
    <Filter Include="헤더 파일">
      <UniqueIdentifier>{93995380-89BD-4b04-88EB-625FBE52EBFB}</UniqueIdentifier>
      <Extensions>h;hh;hpp;hxx;hm;inl;inc;ipp;xsd</Extensions>
    </Filter>
    <Filter Include="리소스 파일">
      <UniqueIdentifier>{67DA6AB6-F800-4c08-8B7A-83BB121AAD01}</UniqueIdentifier>
      <Extensions>rc;ico;cur;bmp;dlg;rc2;rct;bin;rgs;gif;jpg;jpeg;jpe;resx;tiff;tif;png;wav;mfcribbon-ms</Extensions>
    </Filter>
  </ItemGroup>
  <ItemGroup>
    <ClCompile Include="805_E.cpp">
      <Filter>소스 파일</Filter>
    </ClCompile>
    <ClCompile Include="803_C.cpp">
      <Filter>소스 파일</Filter>
    </ClCompile>
    <ClCompile Include="edu_130_c.cpp">
      <Filter>소스 파일</Filter>
    </ClCompile>
    <ClCompile Include="global_21_c.cpp">
      <Filter>소스 파일</Filter>
    </ClCompile>
    <ClCompile Include="800_b.cpp">
      <Filter>소스 파일</Filter>
    </ClCompile>
    <ClCompile Include="800_C.cpp">
      <Filter>소스 파일</Filter>
    </ClCompile>
    <ClCompile Include="799_g.cpp">
      <Filter>소스 파일</Filter>
    </ClCompile>
    <ClCompile Include="edu_130_b.cpp">
      <Filter>소스 파일</Filter>
    </ClCompile>
    <ClCompile Include="802_B.cpp">
      <Filter>소스 파일</Filter>
    </ClCompile>
    <ClCompile Include="799_F.cpp">
      <Filter>소스 파일</Filter>
    </ClCompile>
    <ClCompile Include="799_E.cpp">
      <Filter>소스 파일</Filter>
    </ClCompile>
    <ClCompile Include="795_C.cpp">
      <Filter>소스 파일</Filter>
    </ClCompile>
    <ClCompile Include="797_E.cpp">
      <Filter>소스 파일</Filter>
    </ClCompile>
    <ClCompile Include="792_C.cpp">
      <Filter>소스 파일</Filter>
    </ClCompile>
    <ClCompile Include="793_C.cpp">
      <Filter>소스 파일</Filter>
    </ClCompile>
    <ClCompile Include="edu_129.cpp">
      <Filter>소스 파일</Filter>
    </ClCompile>
    <ClCompile Include="791_C.cpp">
      <Filter>소스 파일</Filter>
    </ClCompile>
    <ClCompile Include="791_B.cpp">
      <Filter>소스 파일</Filter>
    </ClCompile>
    <ClCompile Include="790_H1.cpp">
      <Filter>소스 파일</Filter>
    </ClCompile>
    <ClCompile Include="790_G.cpp">
      <Filter>소스 파일</Filter>
    </ClCompile>
    <ClCompile Include="790_F.cpp">
      <Filter>소스 파일</Filter>
    </ClCompile>
    <ClCompile Include="787_E_미완.cpp">
      <Filter>소스 파일</Filter>
    </ClCompile>
    <ClCompile Include="787_D.cpp">
      <Filter>소스 파일</Filter>
    </ClCompile>
    <ClCompile Include="786_D.cpp">
      <Filter>소스 파일</Filter>
    </ClCompile>
    <ClCompile Include="785_C.cpp">
      <Filter>소스 파일</Filter>
    </ClCompile>
    <ClCompile Include="788_C.cpp">
      <Filter>소스 파일</Filter>
    </ClCompile>
    <ClCompile Include="784_H.cpp">
      <Filter>소스 파일</Filter>
    </ClCompile>
    <ClCompile Include="784_G.cpp">
      <Filter>소스 파일</Filter>
    </ClCompile>
    <ClCompile Include="783_A.cpp">
      <Filter>소스 파일</Filter>
    </ClCompile>
    <ClCompile Include="edu_126_B.cpp">
      <Filter>소스 파일</Filter>
    </ClCompile>
    <ClCompile Include="780_C.cpp">
      <Filter>소스 파일</Filter>
    </ClCompile>
    <ClCompile Include="782_C.cpp">
      <Filter>소스 파일</Filter>
    </ClCompile>
    <ClCompile Include="782_B.cpp">
      <Filter>소스 파일</Filter>
    </ClCompile>
    <ClCompile Include="edu_125_C.cpp">
      <Filter>소스 파일</Filter>
    </ClCompile>
    <ClCompile Include="COTDTON_C.cpp">
      <Filter>소스 파일</Filter>
    </ClCompile>
    <ClCompile Include="778_C.cpp">
      <Filter>소스 파일</Filter>
    </ClCompile>
    <ClCompile Include="EDU_124.cpp">
      <Filter>소스 파일</Filter>
    </ClCompile>
    <ClCompile Include="776_D.cpp">
      <Filter>소스 파일</Filter>
    </ClCompile>
    <ClCompile Include="776_C.cpp">
      <Filter>소스 파일</Filter>
    </ClCompile>
    <ClCompile Include="775_B.cpp">
      <Filter>소스 파일</Filter>
    </ClCompile>
    <ClCompile Include="775_A.cpp">
      <Filter>소스 파일</Filter>
    </ClCompile>
    <ClCompile Include="777_C.cpp">
      <Filter>소스 파일</Filter>
    </ClCompile>
    <ClCompile Include="774_C.cpp">
      <Filter>소스 파일</Filter>
    </ClCompile>
    <ClCompile Include="772_C.cpp">
      <Filter>소스 파일</Filter>
    </ClCompile>
    <ClCompile Include="770_B.cpp">
      <Filter>소스 파일</Filter>
    </ClCompile>
    <ClCompile Include="768_A.cpp">
      <Filter>소스 파일</Filter>
    </ClCompile>
    <ClCompile Include="768_A_%40.cpp">
      <Filter>소스 파일</Filter>
    </ClCompile>
    <ClCompile Include="767_A.cpp">
      <Filter>소스 파일</Filter>
    </ClCompile>
    <ClCompile Include="766_C.cpp">
      <Filter>소스 파일</Filter>
    </ClCompile>
    <ClCompile Include="766_B.cpp">
      <Filter>소스 파일</Filter>
    </ClCompile>
    <ClCompile Include="764_D.cpp">
      <Filter>소스 파일</Filter>
    </ClCompile>
    <ClCompile Include="hello2022_B.cpp">
      <Filter>소스 파일</Filter>
    </ClCompile>
    <ClCompile Include="762_C.cpp">
      <Filter>소스 파일</Filter>
    </ClCompile>
    <ClCompile Include="760_D.cpp">
      <Filter>소스 파일</Filter>
    </ClCompile>
    <ClCompile Include="761_C.cpp">
      <Filter>소스 파일</Filter>
    </ClCompile>
    <ClCompile Include="goodbye2021_C.cpp">
      <Filter>소스 파일</Filter>
    </ClCompile>
    <ClCompile Include="global18_B.cpp">
      <Filter>소스 파일</Filter>
    </ClCompile>
    <ClCompile Include="757_C.cpp">
      <Filter>소스 파일</Filter>
    </ClCompile>
    <ClCompile Include="edu118_C.cpp">
      <Filter>소스 파일</Filter>
    </ClCompile>
    <ClCompile Include="edu117_C.cpp">
      <Filter>소스 파일</Filter>
    </ClCompile>
    <ClCompile Include="756_D.cpp">
      <Filter>소스 파일</Filter>
    </ClCompile>
    <ClCompile Include="1609_C.cpp">
      <Filter>소스 파일</Filter>
    </ClCompile>
    <ClCompile Include="758_B.cpp">
      <Filter>소스 파일</Filter>
    </ClCompile>
    <ClCompile Include="753_D.cpp">
      <Filter>소스 파일</Filter>
    </ClCompile>
    <ClCompile Include="edu116_C.cpp">
      <Filter>소스 파일</Filter>
    </ClCompile>
    <ClCompile Include="754_C.cpp">
      <Filter>소스 파일</Filter>
    </ClCompile>
    <ClCompile Include="752_A.cpp">
      <Filter>소스 파일</Filter>
    </ClCompile>
    <ClCompile Include="751_A.cpp">
      <Filter>소스 파일</Filter>
    </ClCompile>
    <ClCompile Include="bubblecup_J.cpp">
      <Filter>소스 파일</Filter>
    </ClCompile>
    <ClCompile Include="edu_115.cpp">
      <Filter>소스 파일</Filter>
    </ClCompile>
    <ClCompile Include="747_E1.cpp">
      <Filter>소스 파일</Filter>
    </ClCompile>
    <ClCompile Include="747_C.cpp">
      <Filter>소스 파일</Filter>
    </ClCompile>
    <ClCompile Include="818_B.cpp">
      <Filter>소스 파일</Filter>
    </ClCompile>
    <ClCompile Include="818_C.cpp">
      <Filter>소스 파일</Filter>
    </ClCompile>
  </ItemGroup>
</Project>