
Microsoft Visual Studio Solution File, Format Version 12.00
# Visual Studio Version 16
VisualStudioVersion = 16.0.31728.76
MinimumVisualStudioVersion = 10.0.40219.1
Project("{8BC9CEB8-8B4A-11D0-8D11-00A0C91BC942}") = "Codeforces Round 808 (Div. 2)", "Codeforces Round 808 (Div. 2)\Codeforces Round 808 (Div. 2).vcxproj", "{69BBD0B5-633E-4620-BADC-470313C61FFB}"
EndProject
Global
	GlobalSection(SolutionConfigurationPlatforms) = preSolution
		Debug|x64 = Debug|x64
		Debug|x86 = Debug|x86
		Release|x64 = Release|x64
		Release|x86 = Release|x86
	EndGlobalSection
	GlobalSection(ProjectConfigurationPlatforms) = postSolution
		{69BBD0B5-633E-4620-BADC-470313C61FFB}.Debug|x64.ActiveCfg = Debug|x64
		{69BBD0B5-633E-4620-BADC-470313C61FFB}.Debug|x64.Build.0 = Debug|x64
		{69BBD0B5-633E-4620-BADC-470313C61FFB}.Debug|x86.ActiveCfg = Debug|Win32
		{69BBD0B5-633E-4620-BADC-470313C61FFB}.Debug|x86.Build.0 = Debug|Win32
		{69BBD0B5-633E-4620-BADC-470313C61FFB}.Release|x64.ActiveCfg = Release|x64
		{69BBD0B5-633E-4620-BADC-470313C61FFB}.Release|x64.Build.0 = Release|x64
		{69BBD0B5-633E-4620-BADC-470313C61FFB}.Release|x86.ActiveCfg = Release|Win32
		{69BBD0B5-633E-4620-BADC-470313C61FFB}.Release|x86.Build.0 = Release|Win32
	EndGlobalSection
	GlobalSection(SolutionProperties) = preSolution
		HideSolutionNode = FALSE
	EndGlobalSection
	GlobalSection(ExtensibilityGlobals) = postSolution
		SolutionGuid = {E6AD1223-686A-4E2C-B73C-C0A30F36C4FC}
	EndGlobalSection
EndGlobal
